# This file is automatically @generated by Poetry 1.5.1 and should not be changed by hand.

[[package]]
name = "docstring-parser"
version = "0.15"
description = "Parse Python docstrings in reST, Google and Numpydoc format"
optional = false
python-versions = ">=3.6,<4.0"
files = [
    {file = "docstring_parser-0.15-py3-none-any.whl", hash = "sha256:d1679b86250d269d06a99670924d6bce45adc00b08069dae8c47d98e89b667a9"},
    {file = "docstring_parser-0.15.tar.gz", hash = "sha256:48ddc093e8b1865899956fcc03b03e66bb7240c310fac5af81814580c55bf682"},
]

[metadata]
lock-version = "2.0"
python-versions = "^3.10"
content-hash = "49fa75d6581848069650c70797c6fc42d62b2e508d1b80dcdb77a9d249ad7c50"
